
Microsoft Visual Studio Solution File, Format Version 12.00
# Visual Studio Version 16
VisualStudioVersion = 16.0.29609.76
MinimumVisualStudioVersion = 10.0.40219.1
Project("{FAE04EC0-301F-11D3-BF4B-00C04F79EFBC}") = "HWManyArchDapper", "HWManyArchDapper.csproj", "{65FBFEF8-F05A-45EB-A404-B81C66188E34}"
EndProject
Project("{FAE04EC0-301F-11D3-BF4B-00C04F79EFBC}") = "PresentationLayer", "..\PresentationLayer\PresentationLayer.csproj", "{0BD25E1A-0618-432B-A9B8-0867CC2CCD89}"
EndProject
Project("{FAE04EC0-301F-11D3-BF4B-00C04F79EFBC}") = "DAL", "..\DAL\DAL.csproj", "{3012A819-8DC8-4098-948A-201F9B35528F}"
EndProject
Project("{FAE04EC0-301F-11D3-BF4B-00C04F79EFBC}") = "BussinesLayer", "..\BussinesLayer\BussinesLayer.csproj", "{3B6598C0-E1E1-4063-A3F3-AF6A24C6C81D}"
EndProject
Global
	GlobalSection(SolutionConfigurationPlatforms) = preSolution
		Debug|Any CPU = Debug|Any CPU
		Release|Any CPU = Release|Any CPU
	EndGlobalSection
	GlobalSection(ProjectConfigurationPlatforms) = postSolution
		{65FBFEF8-F05A-45EB-A404-B81C66188E34}.Debug|Any CPU.ActiveCfg = Debug|Any CPU
		{65FBFEF8-F05A-45EB-A404-B81C66188E34}.Debug|Any CPU.Build.0 = Debug|Any CPU
		{65FBFEF8-F05A-45EB-A404-B81C66188E34}.Release|Any CPU.ActiveCfg = Release|Any CPU
		{65FBFEF8-F05A-45EB-A404-B81C66188E34}.Release|Any CPU.Build.0 = Release|Any CPU
		{0BD25E1A-0618-432B-A9B8-0867CC2CCD89}.Debug|Any CPU.ActiveCfg = Debug|Any CPU
		{0BD25E1A-0618-432B-A9B8-0867CC2CCD89}.Debug|Any CPU.Build.0 = Debug|Any CPU
		{0BD25E1A-0618-432B-A9B8-0867CC2CCD89}.Release|Any CPU.ActiveCfg = Release|Any CPU
		{0BD25E1A-0618-432B-A9B8-0867CC2CCD89}.Release|Any CPU.Build.0 = Release|Any CPU
		{3012A819-8DC8-4098-948A-201F9B35528F}.Debug|Any CPU.ActiveCfg = Debug|Any CPU
		{3012A819-8DC8-4098-948A-201F9B35528F}.Debug|Any CPU.Build.0 = Debug|Any CPU
		{3012A819-8DC8-4098-948A-201F9B35528F}.Release|Any CPU.ActiveCfg = Release|Any CPU
		{3012A819-8DC8-4098-948A-201F9B35528F}.Release|Any CPU.Build.0 = Release|Any CPU
		{3B6598C0-E1E1-4063-A3F3-AF6A24C6C81D}.Debug|Any CPU.ActiveCfg = Debug|Any CPU
		{3B6598C0-E1E1-4063-A3F3-AF6A24C6C81D}.Debug|Any CPU.Build.0 = Debug|Any CPU
		{3B6598C0-E1E1-4063-A3F3-AF6A24C6C81D}.Release|Any CPU.ActiveCfg = Release|Any CPU
		{3B6598C0-E1E1-4063-A3F3-AF6A24C6C81D}.Release|Any CPU.Build.0 = Release|Any CPU
	EndGlobalSection
	GlobalSection(SolutionProperties) = preSolution
		HideSolutionNode = FALSE
	EndGlobalSection
	GlobalSection(ExtensibilityGlobals) = postSolution
		SolutionGuid = {7B13A859-416F-4381-B85D-73AB83F88191}
	EndGlobalSection
EndGlobal
